
Microsoft Visual Studio Solution File, Format Version 12.00
# Visual Studio Version 17
VisualStudioVersion = 17.14.36203.30
MinimumVisualStudioVersion = 10.0.40219.1
Project("{FAE04EC0-301F-11D3-BF4B-00C04F79EFBC}") = "Laundry.Api", "Laundry.Api\Laundry.Api.csproj", "{D68818B1-4A7F-4A9D-836E-B7B86DA18895}"
EndProject
Project("{2150E333-8FDC-42A3-9474-1A3956D46DE8}") = "Laundry.Api", "Laundry.Api", "{02EA681E-C7D8-13C7-8484-4AC65E1B71E8}"
EndProject
Project("{2150E333-8FDC-42A3-9474-1A3956D46DE8}") = "Laundry.Client", "Laundry.Client", "{6631DF4E-BDA6-45A7-8041-7B62CC830D19}"
EndProject
Project("{FAE04EC0-301F-11D3-BF4B-00C04F79EFBC}") = "Laundry.Client", "Laundry.Client\Laundry.Client.csproj", "{AC05B235-15FA-4CB1-9C7E-1009B844D682}"
EndProject
Global
	GlobalSection(SolutionConfigurationPlatforms) = preSolution
		Debug|Any CPU = Debug|Any CPU
		Release|Any CPU = Release|Any CPU
	EndGlobalSection
	GlobalSection(ProjectConfigurationPlatforms) = postSolution
		{D68818B1-4A7F-4A9D-836E-B7B86DA18895}.Debug|Any CPU.ActiveCfg = Debug|Any CPU
		{D68818B1-4A7F-4A9D-836E-B7B86DA18895}.Debug|Any CPU.Build.0 = Debug|Any CPU
		{D68818B1-4A7F-4A9D-836E-B7B86DA18895}.Release|Any CPU.ActiveCfg = Release|Any CPU
		{D68818B1-4A7F-4A9D-836E-B7B86DA18895}.Release|Any CPU.Build.0 = Release|Any CPU
		{AC05B235-15FA-4CB1-9C7E-1009B844D682}.Debug|Any CPU.ActiveCfg = Debug|Any CPU
		{AC05B235-15FA-4CB1-9C7E-1009B844D682}.Debug|Any CPU.Build.0 = Debug|Any CPU
		{AC05B235-15FA-4CB1-9C7E-1009B844D682}.Release|Any CPU.ActiveCfg = Release|Any CPU
		{AC05B235-15FA-4CB1-9C7E-1009B844D682}.Release|Any CPU.Build.0 = Release|Any CPU
	EndGlobalSection
	GlobalSection(SolutionProperties) = preSolution
		HideSolutionNode = FALSE
	EndGlobalSection
	GlobalSection(NestedProjects) = preSolution
		{D68818B1-4A7F-4A9D-836E-B7B86DA18895} = {02EA681E-C7D8-13C7-8484-4AC65E1B71E8}
		{AC05B235-15FA-4CB1-9C7E-1009B844D682} = {6631DF4E-BDA6-45A7-8041-7B62CC830D19}
	EndGlobalSection
	GlobalSection(ExtensibilityGlobals) = postSolution
		SolutionGuid = {C24BF3F3-BF77-40E4-A55B-9E96892968D4}
	EndGlobalSection
EndGlobal
